
Microsoft Visual Studio Solution File, Format Version 12.00
# Visual Studio Version 16
VisualStudioVersion = 16.0.30611.23
MinimumVisualStudioVersion = 10.0.40219.1
Project("{FAE04EC0-301F-11D3-BF4B-00C04F79EFBC}") = "MyChatServer", "MyChatServer\MyChatServer.csproj", "{142F1873-8B06-4D82-AF4C-FBBE0AEF1E09}"
EndProject
Global
	GlobalSection(SolutionConfigurationPlatforms) = preSolution
		Debug|Any CPU = Debug|Any CPU
		Release|Any CPU = Release|Any CPU
	EndGlobalSection
	GlobalSection(ProjectConfigurationPlatforms) = postSolution
		{142F1873-8B06-4D82-AF4C-FBBE0AEF1E09}.Debug|Any CPU.ActiveCfg = Debug|Any CPU
		{142F1873-8B06-4D82-AF4C-FBBE0AEF1E09}.Debug|Any CPU.Build.0 = Debug|Any CPU
		{142F1873-8B06-4D82-AF4C-FBBE0AEF1E09}.Release|Any CPU.ActiveCfg = Release|Any CPU
		{142F1873-8B06-4D82-AF4C-FBBE0AEF1E09}.Release|Any CPU.Build.0 = Release|Any CPU
	EndGlobalSection
	GlobalSection(SolutionProperties) = preSolution
		HideSolutionNode = FALSE
	EndGlobalSection
	GlobalSection(ExtensibilityGlobals) = postSolution
		SolutionGuid = {B7135700-97A1-44D0-B402-6B81B52814CA}
	EndGlobalSection
EndGlobal
